
Microsoft Visual Studio Solution File, Format Version 12.00
# Visual Studio Version 17
VisualStudioVersion = 17.8.34511.84
MinimumVisualStudioVersion = 10.0.40219.1
Project("{FAE04EC0-301F-11D3-BF4B-00C04F79EFBC}") = "MvcMovie", "MvcMovie\MvcMovie.csproj", "{97654FF0-1187-40CD-9EDE-4E9527E7355C}"
EndProject
Global
	GlobalSection(SolutionConfigurationPlatforms) = preSolution
		Debug|Any CPU = Debug|Any CPU
		Release|Any CPU = Release|Any CPU
	EndGlobalSection
	GlobalSection(ProjectConfigurationPlatforms) = postSolution
		{97654FF0-1187-40CD-9EDE-4E9527E7355C}.Debug|Any CPU.ActiveCfg = Debug|Any CPU
		{97654FF0-1187-40CD-9EDE-4E9527E7355C}.Debug|Any CPU.Build.0 = Debug|Any CPU
		{97654FF0-1187-40CD-9EDE-4E9527E7355C}.Release|Any CPU.ActiveCfg = Release|Any CPU
		{97654FF0-1187-40CD-9EDE-4E9527E7355C}.Release|Any CPU.Build.0 = Release|Any CPU
	EndGlobalSection
	GlobalSection(SolutionProperties) = preSolution
		HideSolutionNode = FALSE
	EndGlobalSection
	GlobalSection(ExtensibilityGlobals) = postSolution
		SolutionGuid = {70DCA4F0-6A16-4DAA-822C-A05686062F60}
	EndGlobalSection
EndGlobal
